
Microsoft Visual Studio Solution File, Format Version 12.00
# Visual Studio Version 17
VisualStudioVersion = 17.8.34330.188
MinimumVisualStudioVersion = 10.0.40219.1
Project("{FAE04EC0-301F-11D3-BF4B-00C04F79EFBC}") = "MoreButtons", "MoreButtons\MoreButtons.csproj", "{D587FCB3-C9A0-4069-95BE-39E5C175C3E8}"
EndProject
Global
	GlobalSection(SolutionConfigurationPlatforms) = preSolution
		Debug|Any CPU = Debug|Any CPU
		Release|Any CPU = Release|Any CPU
	EndGlobalSection
	GlobalSection(ProjectConfigurationPlatforms) = postSolution
		{D587FCB3-C9A0-4069-95BE-39E5C175C3E8}.Debug|Any CPU.ActiveCfg = Debug|Any CPU
		{D587FCB3-C9A0-4069-95BE-39E5C175C3E8}.Debug|Any CPU.Build.0 = Debug|Any CPU
		{D587FCB3-C9A0-4069-95BE-39E5C175C3E8}.Release|Any CPU.ActiveCfg = Release|Any CPU
		{D587FCB3-C9A0-4069-95BE-39E5C175C3E8}.Release|Any CPU.Build.0 = Release|Any CPU
	EndGlobalSection
	GlobalSection(SolutionProperties) = preSolution
		HideSolutionNode = FALSE
	EndGlobalSection
	GlobalSection(ExtensibilityGlobals) = postSolution
		SolutionGuid = {4613D163-4339-4DF2-82D6-3BDEFCEFAD35}
	EndGlobalSection
EndGlobal
